
Microsoft Visual Studio Solution File, Format Version 12.00
# Visual Studio 14
VisualStudioVersion = 14.0.25420.1
MinimumVisualStudioVersion = 10.0.40219.1
Project("{FAE04EC0-301F-11D3-BF4B-00C04F79EFBC}") = "Client", "Client\Client.csproj", "{B4FF5842-0D12-4C73-A94B-F98893897600}"
EndProject
Project("{FAE04EC0-301F-11D3-BF4B-00C04F79EFBC}") = "Server", "Server\Server.csproj", "{8696E015-3346-428F-B868-6F315706044F}"
EndProject
Global
	GlobalSection(SolutionConfigurationPlatforms) = preSolution
		Debug|Any CPU = Debug|Any CPU
		Release|Any CPU = Release|Any CPU
	EndGlobalSection
	GlobalSection(ProjectConfigurationPlatforms) = postSolution
		{B4FF5842-0D12-4C73-A94B-F98893897600}.Debug|Any CPU.ActiveCfg = Debug|Any CPU
		{B4FF5842-0D12-4C73-A94B-F98893897600}.Debug|Any CPU.Build.0 = Debug|Any CPU
		{B4FF5842-0D12-4C73-A94B-F98893897600}.Release|Any CPU.ActiveCfg = Release|Any CPU
		{B4FF5842-0D12-4C73-A94B-F98893897600}.Release|Any CPU.Build.0 = Release|Any CPU
		{8696E015-3346-428F-B868-6F315706044F}.Debug|Any CPU.ActiveCfg = Debug|Any CPU
		{8696E015-3346-428F-B868-6F315706044F}.Debug|Any CPU.Build.0 = Debug|Any CPU
		{8696E015-3346-428F-B868-6F315706044F}.Release|Any CPU.ActiveCfg = Release|Any CPU
		{8696E015-3346-428F-B868-6F315706044F}.Release|Any CPU.Build.0 = Release|Any CPU
	EndGlobalSection
	GlobalSection(SolutionProperties) = preSolution
		HideSolutionNode = FALSE
	EndGlobalSection
EndGlobal
